{
  "name": "aruna",
  "version": "1.0.0",
  "lockfileVersion": 1,
  "requires": true,
  "dependencies": {
    "humanize-duration": {
      "version": "3.15.1",
      "resolved": "https://registry.npmjs.org/humanize-duration/-/humanize-duration-3.15.1.tgz",
      "integrity": "sha512-xfwsDoAinTTTNUAuYUGdeSPOUWEXzn9Xkep5LR0gpSw0gMKfpqLA7oxLWVRstYtZUarnCaeN0QqkOTC0TTPUpg=="
    },
    "snekfetch": {
      "version": "4.0.4",
      "resolved": "https://registry.npmjs.org/snekfetch/-/snekfetch-4.0.4.tgz",
      "integrity": "sha512-dyycG9fvwtSJqKPfMVOpXt+60qvMGe7vWLwOJDiSJaiAx+hs2EnFChG2bXCWn7ulz+zGzrHdN9/yeEb0YqEPww=="
    }
  }
}
